{
    "_readme": [
        "This file locks the dependencies of your project to a known state",
        "Read more about it at https://getcomposer.org/doc/01-basic-usage.md#installing-dependencies",
        "This file is @generated automatically"
    ],
    "content-hash": "6e3f87fa515cffdb93e0bbfdabc0735e",
    "packages": [
        {
            "name": "wp-cli/profile-command",
            "version": "dev-main",
            "source": {
                "type": "git",
                "url": "https://github.com/wp-cli/profile-command.git",
                "reference": "bfb4ba48b1feb684a0a6fcff019458837be1d120"
            },
            "dist": {
                "type": "zip",
                "url": "https://api.github.com/repos/wp-cli/profile-command/zipball/bfb4ba48b1feb684a0a6fcff019458837be1d120",
                "reference": "bfb4ba48b1feb684a0a6fcff019458837be1d120",
                "shasum": ""
            },
            "require": {
                "php": ">=5.6",
                "wp-cli/wp-cli": "^2.5"
            },
            "require-dev": {
                "wp-cli/wp-cli-tests": "^4"
            },
            "default-branch": true,
            "type": "wp-cli-package",
            "extra": {
                "branch-alias": {
                    "dev-master": "2.x-dev"
                },
                "commands": [
                    "profile stage",
                    "profile hook",
                    "profile eval",
                    "profile eval-file"
                ],
                "readme": {
                    "sections": [
                        "Overview",
                        "Using",
                        "Installing",
                        "Contributing"
                    ],
                    "overview": {
                        "post": "bin/readme/overview-body.md"
                    }
                }
            },
            "autoload": {
                "files": [
                    "profile-command.php"
                ],
                "psr-4": {
                    "WP_CLI\\Profile\\": "src/"
                }
            },
            "notification-url": "https://packagist.org/downloads/",
            "license": [
                "MIT"
            ],
            "description": "Quickly identify what's slow with WordPress.",
            "homepage": "https://github.com/wp-cli/profile-command/",
            "support": {
                "issues": "https://github.com/wp-cli/profile-command/issues",
                "source": "https://github.com/wp-cli/profile-command/tree/main"
            },
            "time": "2023-09-01T13:33:09+00:00"
        }
    ],
    "packages-dev": [],
    "aliases": [],
    "minimum-stability": "dev",
    "stability-flags": {
        "wp-cli/profile-command": 20
    },
    "prefer-stable": true,
    "prefer-lowest": false,
    "platform": [],
    "platform-dev": [],
    "plugin-api-version": "2.2.0"
}
